<?xml version="1.0" encoding="utf-8"?>
<Project ToolsVersion="4.0" xmlns="http://schemas.microsoft.com/developer/msbuild/2003">
  <ItemGroup>
    <Filter Include="include">
      <UniqueIdentifier>{89AF369E-F58E-B539-FEA6-40106A051C9B}</UniqueIdentifier>
    </Filter>
    <Filter Include="include\Core">
      <UniqueIdentifier>{81F1C769-6D54-570E-16DA-8FC4021C2391}</UniqueIdentifier>
    </Filter>
    <Filter Include="src">
      <UniqueIdentifier>{2DAB880B-99B4-887C-2230-9F7C8E38947C}</UniqueIdentifier>
    </Filter>
  </ItemGroup>
  <ItemGroup>
    <ClInclude Include="..\..\source\app\include\Animation.h">
      <Filter>include</Filter>
    </ClInclude>
    <ClInclude Include="..\..\source\app\include\AntiPlayer.h">
      <Filter>include</Filter>
    </ClInclude>
    <ClInclude Include="..\..\source\app\include\Area.h">
      <Filter>include</Filter>
    </ClInclude>
    <ClInclude Include="..\..\source\app\include\Audio.h">
      <Filter>include</Filter>
    </ClInclude>
    <ClInclude Include="..\..\source\app\include\Boss.h">
      <Filter>include</Filter>
    </ClInclude>
    <ClInclude Include="..\..\source\app\include\BossArm.h">
      <Filter>include</Filter>
    </ClInclude>
    <ClInclude Include="..\..\source\app\include\BossHand.h">
      <Filter>include</Filter>
    </ClInclude>
    <ClInclude Include="..\..\source\app\include\BossScene.h">
      <Filter>include</Filter>
    </ClInclude>
    <ClInclude Include="..\..\source\app\include\BreakableWall.h">
      <Filter>include</Filter>
    </ClInclude>
    <ClInclude Include="..\..\source\app\include\Camera.h">
      <Filter>include</Filter>
    </ClInclude>
    <ClInclude Include="..\..\source\app\include\Canon.h">
      <Filter>include</Filter>
    </ClInclude>
    <ClInclude Include="..\..\source\app\include\Collision.h">
      <Filter>include</Filter>
    </ClInclude>
    <ClInclude Include="..\..\source\app\include\CollisionBox.h">
      <Filter>include</Filter>
    </ClInclude>
    <ClInclude Include="..\..\source\app\include\CollisionEvent.h">
      <Filter>include</Filter>
    </ClInclude>
    <ClInclude Include="..\..\source\app\include\Constraints.h">
      <Filter>include</Filter>
    </ClInclude>
    <ClInclude Include="..\..\source\app\include\Core\Box.h">
      <Filter>include\Core</Filter>
    </ClInclude>
    <ClInclude Include="..\..\source\app\include\Core\Vector.h">
      <Filter>include\Core</Filter>
    </ClInclude>
    <ClInclude Include="..\..\source\app\include\Dasher.h">
      <Filter>include</Filter>
    </ClInclude>
    <ClInclude Include="..\..\source\app\include\Debug.h">
      <Filter>include</Filter>
    </ClInclude>
    <ClInclude Include="..\..\source\app\include\Dome.h">
      <Filter>include</Filter>
    </ClInclude>
    <ClInclude Include="..\..\source\app\include\DynamicBox.h">
      <Filter>include</Filter>
    </ClInclude>
    <ClInclude Include="..\..\source\app\include\EndingScene.h">
      <Filter>include</Filter>
    </ClInclude>
    <ClInclude Include="..\..\source\app\include\Enemy.h">
      <Filter>include</Filter>
    </ClInclude>
    <ClInclude Include="..\..\source\app\include\EnemyBuilder.h">
      <Filter>include</Filter>
    </ClInclude>
    <ClInclude Include="..\..\source\app\include\EnemyBullet.h">
      <Filter>include</Filter>
    </ClInclude>
    <ClInclude Include="..\..\source\app\include\EnergyPickUp.h">
      <Filter>include</Filter>
    </ClInclude>
    <ClInclude Include="..\..\source\app\include\Entity.h">
      <Filter>include</Filter>
    </ClInclude>
    <ClInclude Include="..\..\source\app\include\Explosion.h">
      <Filter>include</Filter>
    </ClInclude>
    <ClInclude Include="..\..\source\app\include\EyeBall.h">
      <Filter>include</Filter>
    </ClInclude>
    <ClInclude Include="..\..\source\app\include\Floater.h">
      <Filter>include</Filter>
    </ClInclude>
    <ClInclude Include="..\..\source\app\include\Game.h">
      <Filter>include</Filter>
    </ClInclude>
    <ClInclude Include="..\..\source\app\include\GameObject.h">
      <Filter>include</Filter>
    </ClInclude>
    <ClInclude Include="..\..\source\app\include\GameRequest.h">
      <Filter>include</Filter>
    </ClInclude>
    <ClInclude Include="..\..\source\app\include\Graphic.h">
      <Filter>include</Filter>
    </ClInclude>
    <ClInclude Include="..\..\source\app\include\Head.h">
      <Filter>include</Filter>
    </ClInclude>
    <ClInclude Include="..\..\source\app\include\HealthPickUp.h">
      <Filter>include</Filter>
    </ClInclude>
    <ClInclude Include="..\..\source\app\include\Input.h">
      <Filter>include</Filter>
    </ClInclude>
    <ClInclude Include="..\..\source\app\include\Insect.h">
      <Filter>include</Filter>
    </ClInclude>
    <ClInclude Include="..\..\source\app\include\IntroScene.h">
      <Filter>include</Filter>
    </ClInclude>
    <ClInclude Include="..\..\source\app\include\Jason.h">
      <Filter>include</Filter>
    </ClInclude>
    <ClInclude Include="..\..\source\app\include\JasonBullet.h">
      <Filter>include</Filter>
    </ClInclude>
    <ClInclude Include="..\..\source\app\include\JasonTopDown.h">
      <Filter>include</Filter>
    </ClInclude>
    <ClInclude Include="..\..\source\app\include\JasonTopDownBullet.h">
      <Filter>include</Filter>
    </ClInclude>
    <ClInclude Include="..\..\source\app\include\Jumper.h">
      <Filter>include</Filter>
    </ClInclude>
    <ClInclude Include="..\..\source\app\include\Ladder.h">
      <Filter>include</Filter>
    </ClInclude>
    <ClInclude Include="..\..\source\app\include\Mine.h">
      <Filter>include</Filter>
    </ClInclude>
    <ClInclude Include="..\..\source\app\include\Missile.h">
      <Filter>include</Filter>
    </ClInclude>
    <ClInclude Include="..\..\source\app\include\Orb.h">
      <Filter>include</Filter>
    </ClInclude>
    <ClInclude Include="..\..\source\app\include\Pattern.h">
      <Filter>include</Filter>
    </ClInclude>
    <ClInclude Include="..\..\source\app\include\Physic.h">
      <Filter>include</Filter>
    </ClInclude>
    <ClInclude Include="..\..\source\app\include\PickUp.h">
      <Filter>include</Filter>
    </ClInclude>
    <ClInclude Include="..\..\source\app\include\Player.h">
      <Filter>include</Filter>
    </ClInclude>
    <ClInclude Include="..\..\source\app\include\PlayerBullet.h">
      <Filter>include</Filter>
    </ClInclude>
    <ClInclude Include="..\..\source\app\include\PlayerHealth.h">
      <Filter>include</Filter>
    </ClInclude>
    <ClInclude Include="..\..\source\app\include\Portal.h">
      <Filter>include</Filter>
    </ClInclude>
    <ClInclude Include="..\..\source\app\include\ReadTileSet.h">
      <Filter>include</Filter>
    </ClInclude>
    <ClInclude Include="..\..\source\app\include\Scene.h">
      <Filter>include</Filter>
    </ClInclude>
    <ClInclude Include="..\..\source\app\include\SceneGrid.h">
      <Filter>include</Filter>
    </ClInclude>
    <ClInclude Include="..\..\source\app\include\SceneManager.h">
      <Filter>include</Filter>
    </ClInclude>
    <ClInclude Include="..\..\source\app\include\SceneRequest.h">
      <Filter>include</Filter>
    </ClInclude>
    <ClInclude Include="..\..\source\app\include\SideScrollPortal.h">
      <Filter>include</Filter>
    </ClInclude>
    <ClInclude Include="..\..\source\app\include\SideScrollScene.h">
      <Filter>include</Filter>
    </ClInclude>
    <ClInclude Include="..\..\source\app\include\Skull.h">
      <Filter>include</Filter>
    </ClInclude>
    <ClInclude Include="..\..\source\app\include\Sophia.h">
      <Filter>include</Filter>
    </ClInclude>
    <ClInclude Include="..\..\source\app\include\SophiaBullet.h">
      <Filter>include</Filter>
    </ClInclude>
    <ClInclude Include="..\..\source\app\include\SophiaFake.h">
      <Filter>include</Filter>
    </ClInclude>
    <ClInclude Include="..\..\source\app\include\Sound.h">
      <Filter>include</Filter>
    </ClInclude>
    <ClInclude Include="..\..\source\app\include\SoundLibrary.h">
      <Filter>include</Filter>
    </ClInclude>
    <ClInclude Include="..\..\source\app\include\Spiral.h">
      <Filter>include</Filter>
    </ClInclude>
    <ClInclude Include="..\..\source\app\include\SpiralBullet.h">
      <Filter>include</Filter>
    </ClInclude>
    <ClInclude Include="..\..\source\app\include\Sprite.h">
      <Filter>include</Filter>
    </ClInclude>
    <ClInclude Include="..\..\source\app\include\SpriteLibrary.h">
      <Filter>include</Filter>
    </ClInclude>
    <ClInclude Include="..\..\source\app\include\StringHelper.h">
      <Filter>include</Filter>
    </ClInclude>
    <ClInclude Include="..\..\source\app\include\Teleporter.h">
      <Filter>include</Filter>
    </ClInclude>
    <ClInclude Include="..\..\source\app\include\TextureLibrary.h">
      <Filter>include</Filter>
    </ClInclude>
    <ClInclude Include="..\..\source\app\include\TileMap.h">
      <Filter>include</Filter>
    </ClInclude>
    <ClInclude Include="..\..\source\app\include\TileSet.h">
      <Filter>include</Filter>
    </ClInclude>
    <ClInclude Include="..\..\source\app\include\Timer.h">
      <Filter>include</Filter>
    </ClInclude>
    <ClInclude Include="..\..\source\app\include\TopDownPortal.h">
      <Filter>include</Filter>
    </ClInclude>
    <ClInclude Include="..\..\source\app\include\TopDownScene.h">
      <Filter>include</Filter>
    </ClInclude>
    <ClInclude Include="..\..\source\app\include\Utils.h">
      <Filter>include</Filter>
    </ClInclude>
    <ClInclude Include="..\..\source\app\include\Walker.h">
      <Filter>include</Filter>
    </ClInclude>
    <ClInclude Include="..\..\source\app\include\Wall.h">
      <Filter>include</Filter>
    </ClInclude>
    <ClInclude Include="..\..\source\app\include\Worm.h">
      <Filter>include</Filter>
    </ClInclude>
    <ClInclude Include="..\..\source\app\include\resource.h">
      <Filter>include</Filter>
    </ClInclude>
  </ItemGroup>
  <ItemGroup>
    <ClCompile Include="..\..\source\app\src\Animation.cpp">
      <Filter>src</Filter>
    </ClCompile>
    <ClCompile Include="..\..\source\app\src\AntiPlayer.cpp">
      <Filter>src</Filter>
    </ClCompile>
    <ClCompile Include="..\..\source\app\src\Area.cpp">
      <Filter>src</Filter>
    </ClCompile>
    <ClCompile Include="..\..\source\app\src\Audio.cpp">
      <Filter>src</Filter>
    </ClCompile>
    <ClCompile Include="..\..\source\app\src\Boss.cpp">
      <Filter>src</Filter>
    </ClCompile>
    <ClCompile Include="..\..\source\app\src\BossArm.cpp">
      <Filter>src</Filter>
    </ClCompile>
    <ClCompile Include="..\..\source\app\src\BossHand.cpp">
      <Filter>src</Filter>
    </ClCompile>
    <ClCompile Include="..\..\source\app\src\BossScene.cpp">
      <Filter>src</Filter>
    </ClCompile>
    <ClCompile Include="..\..\source\app\src\BreakableWall.cpp">
      <Filter>src</Filter>
    </ClCompile>
    <ClCompile Include="..\..\source\app\src\Camera.cpp">
      <Filter>src</Filter>
    </ClCompile>
    <ClCompile Include="..\..\source\app\src\Canon.cpp">
      <Filter>src</Filter>
    </ClCompile>
    <ClCompile Include="..\..\source\app\src\Collision.cpp">
      <Filter>src</Filter>
    </ClCompile>
    <ClCompile Include="..\..\source\app\src\CollisionBox.cpp">
      <Filter>src</Filter>
    </ClCompile>
    <ClCompile Include="..\..\source\app\src\Dasher.cpp">
      <Filter>src</Filter>
    </ClCompile>
    <ClCompile Include="..\..\source\app\src\Debug.cpp">
      <Filter>src</Filter>
    </ClCompile>
    <ClCompile Include="..\..\source\app\src\Dome.cpp">
      <Filter>src</Filter>
    </ClCompile>
    <ClCompile Include="..\..\source\app\src\DynamicBox.cpp">
      <Filter>src</Filter>
    </ClCompile>
    <ClCompile Include="..\..\source\app\src\EndingScene.cpp">
      <Filter>src</Filter>
    </ClCompile>
    <ClCompile Include="..\..\source\app\src\Enemy.cpp">
      <Filter>src</Filter>
    </ClCompile>
    <ClCompile Include="..\..\source\app\src\EnemyBuilder.cpp">
      <Filter>src</Filter>
    </ClCompile>
    <ClCompile Include="..\..\source\app\src\EnemyBullet.cpp">
      <Filter>src</Filter>
    </ClCompile>
    <ClCompile Include="..\..\source\app\src\Entity.cpp">
      <Filter>src</Filter>
    </ClCompile>
    <ClCompile Include="..\..\source\app\src\Explosion.cpp">
      <Filter>src</Filter>
    </ClCompile>
    <ClCompile Include="..\..\source\app\src\EyeBall.cpp">
      <Filter>src</Filter>
    </ClCompile>
    <ClCompile Include="..\..\source\app\src\Floater.cpp">
      <Filter>src</Filter>
    </ClCompile>
    <ClCompile Include="..\..\source\app\src\Game.cpp">
      <Filter>src</Filter>
    </ClCompile>
    <ClCompile Include="..\..\source\app\src\GameObject.cpp">
      <Filter>src</Filter>
    </ClCompile>
    <ClCompile Include="..\..\source\app\src\GameRequest.cpp">
      <Filter>src</Filter>
    </ClCompile>
    <ClCompile Include="..\..\source\app\src\Graphic.cpp">
      <Filter>src</Filter>
    </ClCompile>
    <ClCompile Include="..\..\source\app\src\Head.cpp">
      <Filter>src</Filter>
    </ClCompile>
    <ClCompile Include="..\..\source\app\src\HealthPickUp.cpp">
      <Filter>src</Filter>
    </ClCompile>
    <ClCompile Include="..\..\source\app\src\Input.cpp">
      <Filter>src</Filter>
    </ClCompile>
    <ClCompile Include="..\..\source\app\src\Insect.cpp">
      <Filter>src</Filter>
    </ClCompile>
    <ClCompile Include="..\..\source\app\src\IntroScene.cpp">
      <Filter>src</Filter>
    </ClCompile>
    <ClCompile Include="..\..\source\app\src\Jason.cpp">
      <Filter>src</Filter>
    </ClCompile>
    <ClCompile Include="..\..\source\app\src\JasonBullet.cpp">
      <Filter>src</Filter>
    </ClCompile>
    <ClCompile Include="..\..\source\app\src\JasonTopDown.cpp">
      <Filter>src</Filter>
    </ClCompile>
    <ClCompile Include="..\..\source\app\src\JasonTopDownBullet.cpp">
      <Filter>src</Filter>
    </ClCompile>
    <ClCompile Include="..\..\source\app\src\Jumper.cpp">
      <Filter>src</Filter>
    </ClCompile>
    <ClCompile Include="..\..\source\app\src\Ladder.cpp">
      <Filter>src</Filter>
    </ClCompile>
    <ClCompile Include="..\..\source\app\src\Main.cpp">
      <Filter>src</Filter>
    </ClCompile>
    <ClCompile Include="..\..\source\app\src\Mine.cpp">
      <Filter>src</Filter>
    </ClCompile>
    <ClCompile Include="..\..\source\app\src\Missile.cpp">
      <Filter>src</Filter>
    </ClCompile>
    <ClCompile Include="..\..\source\app\src\Orb.cpp">
      <Filter>src</Filter>
    </ClCompile>
    <ClCompile Include="..\..\source\app\src\Pattern.cpp">
      <Filter>src</Filter>
    </ClCompile>
    <ClCompile Include="..\..\source\app\src\Physic.cpp">
      <Filter>src</Filter>
    </ClCompile>
    <ClCompile Include="..\..\source\app\src\PickUp.cpp">
      <Filter>src</Filter>
    </ClCompile>
    <ClCompile Include="..\..\source\app\src\Player.cpp">
      <Filter>src</Filter>
    </ClCompile>
    <ClCompile Include="..\..\source\app\src\PlayerBullet.cpp">
      <Filter>src</Filter>
    </ClCompile>
    <ClCompile Include="..\..\source\app\src\PlayerHealth.cpp">
      <Filter>src</Filter>
    </ClCompile>
    <ClCompile Include="..\..\source\app\src\Portal.cpp">
      <Filter>src</Filter>
    </ClCompile>
    <ClCompile Include="..\..\source\app\src\ReadTileSet.cpp">
      <Filter>src</Filter>
    </ClCompile>
    <ClCompile Include="..\..\source\app\src\Scene.cpp">
      <Filter>src</Filter>
    </ClCompile>
    <ClCompile Include="..\..\source\app\src\SceneGrid.cpp">
      <Filter>src</Filter>
    </ClCompile>
    <ClCompile Include="..\..\source\app\src\SceneManager.cpp">
      <Filter>src</Filter>
    </ClCompile>
    <ClCompile Include="..\..\source\app\src\SceneRequest.cpp">
      <Filter>src</Filter>
    </ClCompile>
    <ClCompile Include="..\..\source\app\src\SideScrollScene.cpp">
      <Filter>src</Filter>
    </ClCompile>
    <ClCompile Include="..\..\source\app\src\Skull.cpp">
      <Filter>src</Filter>
    </ClCompile>
    <ClCompile Include="..\..\source\app\src\Sophia.cpp">
      <Filter>src</Filter>
    </ClCompile>
    <ClCompile Include="..\..\source\app\src\SophiaBullet.cpp">
      <Filter>src</Filter>
    </ClCompile>
    <ClCompile Include="..\..\source\app\src\SophiaFake.cpp">
      <Filter>src</Filter>
    </ClCompile>
    <ClCompile Include="..\..\source\app\src\Sound.cpp">
      <Filter>src</Filter>
    </ClCompile>
    <ClCompile Include="..\..\source\app\src\SoundLibrary.cpp">
      <Filter>src</Filter>
    </ClCompile>
    <ClCompile Include="..\..\source\app\src\Spiral.cpp">
      <Filter>src</Filter>
    </ClCompile>
    <ClCompile Include="..\..\source\app\src\SpiralBullet.cpp">
      <Filter>src</Filter>
    </ClCompile>
    <ClCompile Include="..\..\source\app\src\Sprite.cpp">
      <Filter>src</Filter>
    </ClCompile>
    <ClCompile Include="..\..\source\app\src\SpriteLibrary.cpp">
      <Filter>src</Filter>
    </ClCompile>
    <ClCompile Include="..\..\source\app\src\StringHelper.cpp">
      <Filter>src</Filter>
    </ClCompile>
    <ClCompile Include="..\..\source\app\src\Teleporter.cpp">
      <Filter>src</Filter>
    </ClCompile>
    <ClCompile Include="..\..\source\app\src\TextureLibrary.cpp">
      <Filter>src</Filter>
    </ClCompile>
    <ClCompile Include="..\..\source\app\src\TileMap.cpp">
      <Filter>src</Filter>
    </ClCompile>
    <ClCompile Include="..\..\source\app\src\TileSet.cpp">
      <Filter>src</Filter>
    </ClCompile>
    <ClCompile Include="..\..\source\app\src\Timer.cpp">
      <Filter>src</Filter>
    </ClCompile>
    <ClCompile Include="..\..\source\app\src\TopDownPortal.cpp">
      <Filter>src</Filter>
    </ClCompile>
    <ClCompile Include="..\..\source\app\src\TopDownScene.cpp">
      <Filter>src</Filter>
    </ClCompile>
    <ClCompile Include="..\..\source\app\src\Utils.cpp">
      <Filter>src</Filter>
    </ClCompile>
    <ClCompile Include="..\..\source\app\src\Vector.cpp">
      <Filter>src</Filter>
    </ClCompile>
    <ClCompile Include="..\..\source\app\src\Walker.cpp">
      <Filter>src</Filter>
    </ClCompile>
    <ClCompile Include="..\..\source\app\src\Wall.cpp">
      <Filter>src</Filter>
    </ClCompile>
    <ClCompile Include="..\..\source\app\src\Worm.cpp">
      <Filter>src</Filter>
    </ClCompile>
  </ItemGroup>
</Project>